{
    "_readme": [
        "This file locks the dependencies of your project to a known state",
        "Read more about it at http://getcomposer.org/doc/01-basic-usage.md#composer-lock-the-lock-file"
    ],
    "hash": "b40a5da53cce987462af09cabd9266f4",
    "packages": [
        {
            "name": "doctrine/annotations",
            "version": "dev-master",
            "source": {
                "type": "git",
                "url": "https://github.com/doctrine/annotations.git",
                "reference": "a11349d39d85bef75a71bd69bd604ac4fb993f03"
            },
            "dist": {
                "type": "zip",
                "url": "https://api.github.com/repos/doctrine/annotations/zipball/218d670dd2fbb96c515e2fb4f8f7104ae4d73edb",
                "reference": "a11349d39d85bef75a71bd69bd604ac4fb993f03",
                "shasum": ""
            },
            "require": {
                "doctrine/lexer": "1.*",
                "php": ">=5.3.2"
            },
            "require-dev": {
                "doctrine/cache": "1.*"
            },
            "type": "library",
            "extra": {
                "branch-alias": {
                    "dev-master": "1.2.x-dev"
                }
            },
            "autoload": {
                "psr-0": {
                    "Doctrine\\Common\\Annotations\\": "lib/"
                }
            },
            "notification-url": "https://packagist.org/downloads/",
            "license": [
                "MIT"
            ],
            "authors": [
                {
                    "name": "Jonathan Wage",
                    "email": "jonwage@gmail.com",
                    "homepage": "http://www.jwage.com/",
                    "role": "Creator"
                },
                {
                    "name": "Guilherme Blanco",
                    "email": "guilhermeblanco@gmail.com",
                    "homepage": "http://www.instaclick.com"
                },
                {
                    "name": "Roman Borschel",
                    "email": "roman@code-factory.org"
                },
                {
                    "name": "Benjamin Eberlei",
                    "email": "kontakt@beberlei.de"
                },
                {
                    "name": "Johannes Schmitt",
                    "email": "schmittjoh@gmail.com",
                    "homepage": "http://jmsyst.com",
                    "role": "Developer of wrapped JMSSerializerBundle"
                }
            ],
            "description": "Docblock Annotations Parser",
            "homepage": "http://www.doctrine-project.org",
            "keywords": [
                "annotations",
                "docblock",
                "parser"
            ],
            "time": "2013-12-20 21:39:07"
        },
        {
            "name": "doctrine/cache",
            "version": "v1.3.0",
            "source": {
                "type": "git",
                "url": "https://github.com/doctrine/cache.git",
                "reference": "e16d7adf45664a50fa86f515b6d5e7f670130449"
            },
            "dist": {
                "type": "zip",
                "url": "https://api.github.com/repos/doctrine/cache/zipball/e16d7adf45664a50fa86f515b6d5e7f670130449",
                "reference": "e16d7adf45664a50fa86f515b6d5e7f670130449",
                "shasum": ""
            },
            "require": {
                "php": ">=5.3.2"
            },
            "conflict": {
                "doctrine/common": ">2.2,<2.4"
            },
            "require-dev": {
                "phpunit/phpunit": ">=3.7",
                "satooshi/php-coveralls": "~0.6"
            },
            "type": "library",
            "extra": {
                "branch-alias": {
                    "dev-master": "1.0.x-dev"
                }
            },
            "autoload": {
                "psr-0": {
                    "Doctrine\\Common\\Cache\\": "lib/"
                }
            },
            "notification-url": "https://packagist.org/downloads/",
            "license": [
                "MIT"
            ],
            "authors": [
                {
                    "name": "Jonathan Wage",
                    "email": "jonwage@gmail.com",
                    "homepage": "http://www.jwage.com/",
                    "role": "Creator"
                },
                {
                    "name": "Guilherme Blanco",
                    "email": "guilhermeblanco@gmail.com",
                    "homepage": "http://www.instaclick.com"
                },
                {
                    "name": "Roman Borschel",
                    "email": "roman@code-factory.org"
                },
                {
                    "name": "Benjamin Eberlei",
                    "email": "kontakt@beberlei.de"
                },
                {
                    "name": "Johannes Schmitt",
                    "email": "schmittjoh@gmail.com",
                    "homepage": "http://jmsyst.com",
                    "role": "Developer of wrapped JMSSerializerBundle"
                }
            ],
            "description": "Caching library offering an object-oriented API for many cache backends",
            "homepage": "http://www.doctrine-project.org",
            "keywords": [
                "cache",
                "caching"
            ],
            "time": "2013-10-25 19:04:14"
        },
        {
            "name": "doctrine/collections",
            "version": "v1.2",
            "source": {
                "type": "git",
                "url": "https://github.com/doctrine/collections.git",
                "reference": "b99c5c46c87126201899afe88ec490a25eedd6a2"
            },
            "dist": {
                "type": "zip",
                "url": "https://api.github.com/repos/doctrine/collections/zipball/b99c5c46c87126201899afe88ec490a25eedd6a2",
                "reference": "b99c5c46c87126201899afe88ec490a25eedd6a2",
                "shasum": ""
            },
            "require": {
                "php": ">=5.3.2"
            },
            "type": "library",
            "extra": {
                "branch-alias": {
                    "dev-master": "1.2.x-dev"
                }
            },
            "autoload": {
                "psr-0": {
                    "Doctrine\\Common\\Collections\\": "lib/"
                }
            },
            "notification-url": "https://packagist.org/downloads/",
            "license": [
                "MIT"
            ],
            "authors": [
                {
                    "name": "Jonathan Wage",
                    "email": "jonwage@gmail.com",
                    "homepage": "http://www.jwage.com/",
                    "role": "Creator"
                },
                {
                    "name": "Guilherme Blanco",
                    "email": "guilhermeblanco@gmail.com",
                    "homepage": "http://www.instaclick.com"
                },
                {
                    "name": "Roman Borschel",
                    "email": "roman@code-factory.org"
                },
                {
                    "name": "Benjamin Eberlei",
                    "email": "kontakt@beberlei.de"
                },
                {
                    "name": "Johannes M. Schmitt",
                    "email": "schmittjoh@gmail.com",
                    "homepage": "http://jmsyst.com",
                    "role": "Developer of wrapped JMSSerializerBundle"
                }
            ],
            "description": "Collections Abstraction library",
            "homepage": "http://www.doctrine-project.org",
            "keywords": [
                "array",
                "collections",
                "iterator"
            ],
            "time": "2014-02-03 23:07:43"
        },
        {
            "name": "doctrine/common",
            "version": "v2.4.1",
            "source": {
                "type": "git",
                "url": "https://github.com/doctrine/common.git",
                "reference": "ceb18cf9b0230f3ea208b6238130fd415abda0a7"
            },
            "dist": {
                "type": "zip",
                "url": "https://api.github.com/repos/doctrine/common/zipball/ceb18cf9b0230f3ea208b6238130fd415abda0a7",
                "reference": "ceb18cf9b0230f3ea208b6238130fd415abda0a7",
                "shasum": ""
            },
            "require": {
                "doctrine/annotations": "1.*",
                "doctrine/cache": "1.*",
                "doctrine/collections": "1.*",
                "doctrine/inflector": "1.*",
                "doctrine/lexer": "1.*",
                "php": ">=5.3.2"
            },
            "type": "library",
            "extra": {
                "branch-alias": {
                    "dev-master": "2.4.x-dev"
                }
            },
            "autoload": {
                "psr-0": {
                    "Doctrine\\Common\\": "lib/"
                }
            },
            "notification-url": "https://packagist.org/downloads/",
            "license": [
                "MIT"
            ],
            "authors": [
                {
                    "name": "Jonathan Wage",
                    "email": "jonwage@gmail.com",
                    "homepage": "http://www.jwage.com/",
                    "role": "Creator"
                },
                {
                    "name": "Guilherme Blanco",
                    "email": "guilhermeblanco@gmail.com",
                    "homepage": "http://www.instaclick.com"
                },
                {
                    "name": "Roman Borschel",
                    "email": "roman@code-factory.org"
                },
                {
                    "name": "Benjamin Eberlei",
                    "email": "kontakt@beberlei.de"
                },
                {
                    "name": "Johannes Schmitt",
                    "email": "schmittjoh@gmail.com",
                    "homepage": "http://jmsyst.com",
                    "role": "Developer of wrapped JMSSerializerBundle"
                }
            ],
            "description": "Common Library for Doctrine projects",
            "homepage": "http://www.doctrine-project.org",
            "keywords": [
                "annotations",
                "collections",
                "eventmanager",
                "persistence",
                "spl"
            ],
            "time": "2013-09-07 10:20:34"
        },
        {
            "name": "doctrine/inflector",
            "version": "v1.0",
            "source": {
                "type": "git",
                "url": "https://github.com/doctrine/inflector.git",
                "reference": "54b8333d2a5682afdc690060c1cf384ba9f47f08"
            },
            "dist": {
                "type": "zip",
                "url": "https://api.github.com/repos/doctrine/inflector/zipball/54b8333d2a5682afdc690060c1cf384ba9f47f08",
                "reference": "54b8333d2a5682afdc690060c1cf384ba9f47f08",
                "shasum": ""
            },
            "require": {
                "php": ">=5.3.2"
            },
            "type": "library",
            "autoload": {
                "psr-0": {
                    "Doctrine\\Common\\Inflector\\": "lib/"
                }
            },
            "notification-url": "https://packagist.org/downloads/",
            "license": [
                "MIT"
            ],
            "authors": [
                {
                    "name": "Jonathan Wage",
                    "email": "jonwage@gmail.com",
                    "homepage": "http://www.jwage.com/",
                    "role": "Creator"
                },
                {
                    "name": "Guilherme Blanco",
                    "email": "guilhermeblanco@gmail.com",
                    "homepage": "http://www.instaclick.com"
                },
                {
                    "name": "Roman Borschel",
                    "email": "roman@code-factory.org"
                },
                {
                    "name": "Benjamin Eberlei",
                    "email": "kontakt@beberlei.de"
                },
                {
                    "name": "Johannes Schmitt",
                    "email": "schmittjoh@gmail.com",
                    "homepage": "http://jmsyst.com",
                    "role": "Developer of wrapped JMSSerializerBundle"
                }
            ],
            "description": "Common String Manipulations with regard to casing and singular/plural rules.",
            "homepage": "http://www.doctrine-project.org",
            "keywords": [
                "inflection",
                "pluarlize",
                "singuarlize",
                "string"
            ],
            "time": "2013-01-10 21:49:15"
        },
        {
            "name": "doctrine/lexer",
            "version": "v1.0",
            "source": {
                "type": "git",
                "url": "https://github.com/doctrine/lexer.git",
                "reference": "2f708a85bb3aab5d99dab8be435abd73e0b18acb"
            },
            "dist": {
                "type": "zip",
                "url": "https://api.github.com/repos/doctrine/lexer/zipball/2f708a85bb3aab5d99dab8be435abd73e0b18acb",
                "reference": "2f708a85bb3aab5d99dab8be435abd73e0b18acb",
                "shasum": ""
            },
            "require": {
                "php": ">=5.3.2"
            },
            "type": "library",
            "autoload": {
                "psr-0": {
                    "Doctrine\\Common\\Lexer\\": "lib/"
                }
            },
            "notification-url": "https://packagist.org/downloads/",
            "license": [
                "MIT"
            ],
            "authors": [
                {
                    "name": "Guilherme Blanco",
                    "email": "guilhermeblanco@gmail.com",
                    "homepage": "http://www.instaclick.com"
                },
                {
                    "name": "Roman Borschel",
                    "email": "roman@code-factory.org"
                },
                {
                    "name": "Johannes Schmitt",
                    "email": "schmittjoh@gmail.com",
                    "homepage": "http://jmsyst.com",
                    "role": "Developer of wrapped JMSSerializerBundle"
                }
            ],
            "description": "Base library for a lexer that can be used in Top-Down, Recursive Descent Parsers.",
            "homepage": "http://www.doctrine-project.org",
            "keywords": [
                "lexer",
                "parser"
            ],
            "time": "2013-01-12 18:59:04"
        },
        {
            "name": "doctrine/mongodb",
            "version": "1.1.2",
            "source": {
                "type": "git",
                "url": "https://github.com/doctrine/mongodb.git",
                "reference": "ac63fdf9847a5ec6d44721526623e8bddaa25fe6"
            },
            "dist": {
                "type": "zip",
                "url": "https://api.github.com/repos/doctrine/mongodb/zipball/ac63fdf9847a5ec6d44721526623e8bddaa25fe6",
                "reference": "ac63fdf9847a5ec6d44721526623e8bddaa25fe6",
                "shasum": ""
            },
            "require": {
                "doctrine/common": ">=2.1.0,<2.5-dev",
                "ext-mongo": ">=1.2.12,<1.6-dev",
                "php": ">=5.3.2"
            },
            "require-dev": {
                "jmikola/geojson": "~1.0"
            },
            "suggest": {
                "jmikola/geojson": "Support GeoJSON geometry objects in 2dsphere queries"
            },
            "type": "library",
            "extra": {
                "branch-alias": {
                    "dev-master": "1.1.x-dev"
                }
            },
            "autoload": {
                "psr-0": {
                    "Doctrine\\MongoDB": "lib/"
                }
            },
            "notification-url": "https://packagist.org/downloads/",
            "license": [
                "MIT"
            ],
            "authors": [
                {
                    "name": "Bulat Shakirzyanov",
                    "email": "mallluhuct@gmail.com",
                    "homepage": "http://avalanche123.com"
                },
                {
                    "name": "Jonathan Wage",
                    "email": "jonwage@gmail.com",
                    "homepage": "http://www.jwage.com/",
                    "role": "Creator"
                },
                {
                    "name": "Kris Wallsmith",
                    "email": "kris.wallsmith@gmail.com",
                    "homepage": "http://kriswallsmith.net/"
                },
                {
                    "name": "Jeremy Mikola",
                    "email": "jmikola@gmail.com",
                    "homepage": "http://jmikola.net"
                }
            ],
            "description": "Doctrine MongoDB Abstraction Layer",
            "homepage": "http://www.doctrine-project.org",
            "keywords": [
                "database",
                "mongodb",
                "persistence"
            ],
            "time": "2014-01-09 21:24:02"
        },
        {
            "name": "doctrine/mongodb-odm",
            "version": "dev-hotfix719",
            "source": {
                "type": "git",
                "url": "https://github.com/superdweebie/mongodb-odm.git",
                "reference": "87319a6d8df14f65023cb7446a29551330055131"
            },
            "dist": {
                "type": "zip",
                "url": "https://api.github.com/repos/superdweebie/mongodb-odm/zipball/87319a6d8df14f65023cb7446a29551330055131",
                "reference": "87319a6d8df14f65023cb7446a29551330055131",
                "shasum": ""
            },
            "require": {
                "doctrine/annotations": "~1.0",
                "doctrine/cache": "~1.0",
                "doctrine/collections": "~1.1",
                "doctrine/common": "2.4.*",
                "doctrine/inflector": "~1.0",
                "doctrine/mongodb": "~1.1",
                "php": ">=5.3.2",
                "symfony/console": "~2.0"
            },
            "require-dev": {
                "symfony/yaml": "~2.0"
            },
            "suggest": {
                "symfony/yaml": "Enables the YAML metadata mapping driver"
            },
            "type": "library",
            "extra": {
                "branch-alias": {
                    "dev-master": "1.0.x-dev"
                }
            },
            "autoload": {
                "psr-0": {
                    "Doctrine\\ODM\\MongoDB": "lib/"
                }
            },
            "license": [
                "MIT"
            ],
            "authors": [
                {
                    "name": "Bulat Shakirzyanov",
                    "email": "mallluhuct@gmail.com"
                },
                {
                    "name": "Kris Wallsmith",
                    "email": "kris.wallsmith@gmail.com"
                },
                {
                    "name": "Jonathan H. Wage",
                    "email": "jonwage@gmail.com"
                },
                {
                    "name": "Jeremy Mikola",
                    "email": "jmikola@gmail.com"
                }
            ],
            "description": "Doctrine MongoDB Object Document Mapper",
            "homepage": "http://www.doctrine-project.org",
            "keywords": [
                "database",
                "mongodb",
                "odm",
                "persistence"
            ],
            "support": {
                "source": "https://github.com/superdweebie/mongodb-odm/tree/hotfix719"
            },
            "time": "2014-01-30 10:38:46"
        },
        {
            "name": "symfony/console",
            "version": "v2.4.1",
            "target-dir": "Symfony/Component/Console",
            "source": {
                "type": "git",
                "url": "https://github.com/symfony/Console.git",
                "reference": "4c1ed2ff514bd85ee186eebb010ccbdeeab05af7"
            },
            "dist": {
                "type": "zip",
                "url": "https://api.github.com/repos/symfony/Console/zipball/4c1ed2ff514bd85ee186eebb010ccbdeeab05af7",
                "reference": "4c1ed2ff514bd85ee186eebb010ccbdeeab05af7",
                "shasum": ""
            },
            "require": {
                "php": ">=5.3.3"
            },
            "require-dev": {
                "symfony/event-dispatcher": "~2.1"
            },
            "suggest": {
                "symfony/event-dispatcher": ""
            },
            "type": "library",
            "extra": {
                "branch-alias": {
                    "dev-master": "2.4-dev"
                }
            },
            "autoload": {
                "psr-0": {
                    "Symfony\\Component\\Console\\": ""
                }
            },
            "notification-url": "https://packagist.org/downloads/",
            "license": [
                "MIT"
            ],
            "authors": [
                {
                    "name": "Fabien Potencier",
                    "email": "fabien@symfony.com"
                },
                {
                    "name": "Symfony Community",
                    "homepage": "http://symfony.com/contributors"
                }
            ],
            "description": "Symfony Console Component",
            "homepage": "http://symfony.com",
            "time": "2014-01-01 08:14:50"
        },
        {
            "name": "zendframework/zend-crypt",
            "version": "2.2.5",
            "target-dir": "Zend/Crypt",
            "source": {
                "type": "git",
                "url": "https://github.com/zendframework/Component_ZendCrypt.git",
                "reference": "97755b496cda7889887adf1d283f8d32c86674b9"
            },
            "dist": {
                "type": "zip",
                "url": "https://api.github.com/repos/zendframework/Component_ZendCrypt/zipball/97755b496cda7889887adf1d283f8d32c86674b9",
                "reference": "97755b496cda7889887adf1d283f8d32c86674b9",
                "shasum": ""
            },
            "require": {
                "php": ">=5.3.3",
                "zendframework/zend-math": "self.version",
                "zendframework/zend-servicemanager": "self.version",
                "zendframework/zend-stdlib": "self.version"
            },
            "type": "library",
            "extra": {
                "branch-alias": {
                    "dev-master": "2.2-dev",
                    "dev-develop": "2.3-dev"
                }
            },
            "autoload": {
                "psr-0": {
                    "Zend\\Crypt\\": ""
                }
            },
            "notification-url": "https://packagist.org/downloads/",
            "license": [
                "BSD-3-Clause"
            ],
            "keywords": [
                "crypt",
                "zf2"
            ],
            "time": "2013-06-12 19:48:13"
        },
        {
            "name": "zendframework/zend-json",
            "version": "2.2.5",
            "target-dir": "Zend/Json",
            "source": {
                "type": "git",
                "url": "https://github.com/zendframework/Component_ZendJson.git",
                "reference": "f4394103c3db6052de75bbfcf6613888b0a63d9b"
            },
            "dist": {
                "type": "zip",
                "url": "https://api.github.com/repos/zendframework/Component_ZendJson/zipball/f4394103c3db6052de75bbfcf6613888b0a63d9b",
                "reference": "f4394103c3db6052de75bbfcf6613888b0a63d9b",
                "shasum": ""
            },
            "require": {
                "php": ">=5.3.3",
                "zendframework/zend-stdlib": "self.version"
            },
            "suggest": {
                "zendframework/zend-server": "Zend\\Server component"
            },
            "type": "library",
            "extra": {
                "branch-alias": {
                    "dev-master": "2.2-dev",
                    "dev-develop": "2.3-dev"
                }
            },
            "autoload": {
                "psr-0": {
                    "Zend\\Json\\": ""
                }
            },
            "notification-url": "https://packagist.org/downloads/",
            "license": [
                "BSD-3-Clause"
            ],
            "description": "provides convenience methods for serializing native PHP to JSON and decoding JSON to native PHP",
            "keywords": [
                "json",
                "zf2"
            ],
            "time": "2013-10-20 06:00:16"
        },
        {
            "name": "zendframework/zend-math",
            "version": "2.2.5",
            "target-dir": "Zend/Math",
            "source": {
                "type": "git",
                "url": "https://github.com/zendframework/Component_ZendMath.git",
                "reference": "7cba0957e916b705ba280f31919e6acfa3d983fd"
            },
            "dist": {
                "type": "zip",
                "url": "https://api.github.com/repos/zendframework/Component_ZendMath/zipball/7cba0957e916b705ba280f31919e6acfa3d983fd",
                "reference": "7cba0957e916b705ba280f31919e6acfa3d983fd",
                "shasum": ""
            },
            "require": {
                "php": ">=5.3.3"
            },
            "suggest": {
                "ircmaxell/random-lib": "Fallback random byte generator for Zend\\Math\\Rand if OpenSSL/Mcrypt extensions are unavailable"
            },
            "type": "library",
            "extra": {
                "branch-alias": {
                    "dev-master": "2.2-dev",
                    "dev-develop": "2.3-dev"
                }
            },
            "autoload": {
                "psr-0": {
                    "Zend\\Math\\": ""
                }
            },
            "notification-url": "https://packagist.org/downloads/",
            "license": [
                "BSD-3-Clause"
            ],
            "keywords": [
                "math",
                "zf2"
            ],
            "time": "2013-10-02 08:00:14"
        },
        {
            "name": "zendframework/zend-servicemanager",
            "version": "2.2.5",
            "target-dir": "Zend/ServiceManager",
            "source": {
                "type": "git",
                "url": "https://github.com/zendframework/Component_ZendServiceManager.git",
                "reference": "064bb1d0441529aded2f213a10002cc4523f328c"
            },
            "dist": {
                "type": "zip",
                "url": "https://api.github.com/repos/zendframework/Component_ZendServiceManager/zipball/064bb1d0441529aded2f213a10002cc4523f328c",
                "reference": "064bb1d0441529aded2f213a10002cc4523f328c",
                "shasum": ""
            },
            "require": {
                "php": ">=5.3.3"
            },
            "suggest": {
                "zendframework/zend-di": "Zend\\Di component"
            },
            "type": "library",
            "extra": {
                "branch-alias": {
                    "dev-master": "2.2-dev",
                    "dev-develop": "2.3-dev"
                }
            },
            "autoload": {
                "psr-0": {
                    "Zend\\ServiceManager\\": ""
                }
            },
            "notification-url": "https://packagist.org/downloads/",
            "license": [
                "BSD-3-Clause"
            ],
            "keywords": [
                "servicemanager",
                "zf2"
            ],
            "time": "2013-10-23 20:00:05"
        },
        {
            "name": "zendframework/zend-stdlib",
            "version": "2.2.5",
            "target-dir": "Zend/Stdlib",
            "source": {
                "type": "git",
                "url": "https://github.com/zendframework/Component_ZendStdlib.git",
                "reference": "f440ecfc828d61d620662a03987c8287e1e4801e"
            },
            "dist": {
                "type": "zip",
                "url": "https://api.github.com/repos/zendframework/Component_ZendStdlib/zipball/f440ecfc828d61d620662a03987c8287e1e4801e",
                "reference": "f440ecfc828d61d620662a03987c8287e1e4801e",
                "shasum": ""
            },
            "require": {
                "php": ">=5.3.3"
            },
            "suggest": {
                "zendframework/zend-eventmanager": "To support aggregate hydrator usage",
                "zendframework/zend-servicemanager": "To support hydrator plugin manager usage"
            },
            "type": "library",
            "extra": {
                "branch-alias": {
                    "dev-master": "2.2-dev",
                    "dev-develop": "2.3-dev"
                }
            },
            "autoload": {
                "psr-0": {
                    "Zend\\Stdlib\\": ""
                }
            },
            "notification-url": "https://packagist.org/downloads/",
            "license": [
                "BSD-3-Clause"
            ],
            "keywords": [
                "stdlib",
                "zf2"
            ],
            "time": "2013-10-20 06:00:20"
        },
        {
            "name": "zoopcommerce/common",
            "version": "1.1",
            "source": {
                "type": "git",
                "url": "https://github.com/zoopcommerce/common.git",
                "reference": "71463712e7c7c47f0b89b663085a08962637b01c"
            },
            "dist": {
                "type": "zip",
                "url": "https://api.github.com/repos/zoopcommerce/common/zipball/71463712e7c7c47f0b89b663085a08962637b01c",
                "reference": "71463712e7c7c47f0b89b663085a08962637b01c",
                "shasum": ""
            },
            "require": {
                "php": ">=5.4"
            },
            "require-dev": {
                "squizlabs/php_codesniffer": "1.4.*"
            },
            "type": "library",
            "autoload": {
                "psr-0": {
                    "Zoop\\Common": "lib/"
                }
            },
            "notification-url": "https://packagist.org/downloads/",
            "authors": [
                {
                    "name": "Tim Roediger",
                    "email": "superdweebie@gmail.com",
                    "homepage": "http://github.com/superdweebie"
                }
            ],
            "description": "Library used by other Zoop libraries and modules",
            "homepage": "http://github.com/zoopcommerce/common",
            "time": "2013-08-27 05:48:51"
        },
        {
            "name": "zoopcommerce/mystique",
            "version": "1.2.2",
            "source": {
                "type": "git",
                "url": "https://github.com/zoopcommerce/mystique.git",
                "reference": "f9b76f1c484754cc4e916a512362338a5932dc9e"
            },
            "dist": {
                "type": "zip",
                "url": "https://api.github.com/repos/zoopcommerce/mystique/zipball/f9b76f1c484754cc4e916a512362338a5932dc9e",
                "reference": "f9b76f1c484754cc4e916a512362338a5932dc9e",
                "shasum": ""
            },
            "require": {
                "zoopcommerce/pixie": "~0.4"
            },
            "require-dev": {
                "zoopcommerce/havok": "~1.0"
            },
            "type": "zoop-mystique",
            "autoload": {
                "psr-0": {
                    "Zoop\\Mystique\\": "php/lib"
                }
            },
            "notification-url": "https://packagist.org/downloads/",
            "license": [
                "MIT"
            ],
            "description": "shape shifting validation library from Zoop",
            "homepage": "http://zoopcommerce.github.io/mystique",
            "keywords": [
                "validation",
                "validator",
                "zoop"
            ],
            "time": "2014-02-04 03:28:48"
        },
        {
            "name": "zoopcommerce/mystique-php",
            "version": "1.2",
            "source": {
                "type": "git",
                "url": "https://github.com/zoopcommerce/mystique-php.git",
                "reference": "0e5b89850da9ddfdb96940d1cb6f42c6df8a06d6"
            },
            "dist": {
                "type": "zip",
                "url": "https://api.github.com/repos/zoopcommerce/mystique-php/zipball/0e5b89850da9ddfdb96940d1cb6f42c6df8a06d6",
                "reference": "0e5b89850da9ddfdb96940d1cb6f42c6df8a06d6",
                "shasum": ""
            },
            "require": {
                "php": ">=5.4",
                "zoopcommerce/mystique": "~1.2"
            },
            "require-dev": {
                "phpunit/phpunit": ">=3.7",
                "squizlabs/php_codesniffer": "1.4.*"
            },
            "type": "zoop-mystique",
            "autoload": {
                "psr-0": {
                    "Zoop\\Mystique\\": "lib"
                }
            },
            "notification-url": "https://packagist.org/downloads/",
            "license": [
                "MIT"
            ],
            "description": "shape shifting validation library from Zoop",
            "homepage": "http://zoopcommerce.github.io/mystique",
            "keywords": [
                "validation",
                "validator",
                "zoop"
            ],
            "time": "2013-08-27 05:18:40"
        },
        {
            "name": "zoopcommerce/pixie",
            "version": "0.5",
            "source": {
                "type": "git",
                "url": "https://github.com/zoopcommerce/pixie.git",
                "reference": "614d4144ea19790932d089c71334ef1025b50674"
            },
            "dist": {
                "type": "zip",
                "url": "https://api.github.com/repos/zoopcommerce/pixie/zipball/614d4144ea19790932d089c71334ef1025b50674",
                "reference": "614d4144ea19790932d089c71334ef1025b50674",
                "shasum": ""
            },
            "require": {
                "php": ">=5.4"
            },
            "require-dev": {
                "squizlabs/php_codesniffer": "1.4.*"
            },
            "type": "composer-installer",
            "extra": {
                "class": [
                    "Zoop\\Pixie\\JsInstaller",
                    "Zoop\\Pixie\\MystiqueInstaller",
                    "Zoop\\Pixie\\MystiqueJsInstaller"
                ]
            },
            "autoload": {
                "psr-0": {
                    "Zoop\\Pixie\\": "src"
                }
            },
            "notification-url": "https://packagist.org/downloads/",
            "license": [
                "MIT"
            ],
            "description": "custom composer installers for dojo, havok, mystique and others",
            "homepage": "http://github.com/zoopcommerce/pixie",
            "keywords": [
                "composer",
                "dojo",
                "havok",
                "installer",
                "mystique",
                "zoop"
            ],
            "time": "2013-08-30 11:08:49"
        }
    ],
    "packages-dev": null,
    "aliases": [
        {
            "alias": "dev-master",
            "alias_normalized": "9999999-dev",
            "version": "9999999-dev",
            "package": "doctrine/annotations"
        },
        {
            "alias": "1.0.0-BETA9",
            "alias_normalized": "1.0.0.0-beta9",
            "version": "dev-hotfix719",
            "package": "doctrine/mongodb-odm"
        }
    ],
    "minimum-stability": "stable",
    "stability-flags": {
        "doctrine/annotations": 20,
        "doctrine/mongodb-odm": 20
    },
    "platform": {
        "php": ">=5.4"
    },
    "platform-dev": [

    ]
}
